
Microsoft Visual Studio Solution File, Format Version 12.00
# Visual Studio Version 17
VisualStudioVersion = 17.4.33122.133
MinimumVisualStudioVersion = 10.0.40219.1
Project("{FAE04EC0-301F-11D3-BF4B-00C04F79EFBC}") = "School Management System", "School Management System.csproj", "{D2304D80-AA99-45F1-A598-6626D4117768}"
EndProject
Global
	GlobalSection(SolutionConfigurationPlatforms) = preSolution
		Debug|Any CPU = Debug|Any CPU
		Release|Any CPU = Release|Any CPU
	EndGlobalSection
	GlobalSection(ProjectConfigurationPlatforms) = postSolution
		{D2304D80-AA99-45F1-A598-6626D4117768}.Debug|Any CPU.ActiveCfg = Debug|Any CPU
		{D2304D80-AA99-45F1-A598-6626D4117768}.Debug|Any CPU.Build.0 = Debug|Any CPU
		{D2304D80-AA99-45F1-A598-6626D4117768}.Release|Any CPU.ActiveCfg = Release|Any CPU
		{D2304D80-AA99-45F1-A598-6626D4117768}.Release|Any CPU.Build.0 = Release|Any CPU
	EndGlobalSection
	GlobalSection(SolutionProperties) = preSolution
		HideSolutionNode = FALSE
	EndGlobalSection
	GlobalSection(ExtensibilityGlobals) = postSolution
		SolutionGuid = {E02A9410-300F-43F8-B4A2-4A177516220E}
	EndGlobalSection
EndGlobal
